
Microsoft Visual Studio Solution File, Format Version 12.00
# Visual Studio Version 17
VisualStudioVersion = 17.11.35312.102
MinimumVisualStudioVersion = 10.0.40219.1
Project("{FAE04EC0-301F-11D3-BF4B-00C04F79EFBC}") = "Lab1IT", "Lab1IT.csproj", "{EDC9EAE8-6839-4A5B-97D3-8EBE377F39A0}"
EndProject
Global
	GlobalSection(SolutionConfigurationPlatforms) = preSolution
		Debug|Any CPU = Debug|Any CPU
		Release|Any CPU = Release|Any CPU
	EndGlobalSection
	GlobalSection(ProjectConfigurationPlatforms) = postSolution
		{EDC9EAE8-6839-4A5B-97D3-8EBE377F39A0}.Debug|Any CPU.ActiveCfg = Debug|Any CPU
		{EDC9EAE8-6839-4A5B-97D3-8EBE377F39A0}.Debug|Any CPU.Build.0 = Debug|Any CPU
		{EDC9EAE8-6839-4A5B-97D3-8EBE377F39A0}.Release|Any CPU.ActiveCfg = Release|Any CPU
		{EDC9EAE8-6839-4A5B-97D3-8EBE377F39A0}.Release|Any CPU.Build.0 = Release|Any CPU
	EndGlobalSection
	GlobalSection(SolutionProperties) = preSolution
		HideSolutionNode = FALSE
	EndGlobalSection
	GlobalSection(ExtensibilityGlobals) = postSolution
		SolutionGuid = {55753113-18F6-4D69-B9D2-F58004B3836C}
	EndGlobalSection
EndGlobal
